
Microsoft Visual Studio Solution File, Format Version 12.00
# Visual Studio Version 17
VisualStudioVersion = 17.0.32014.148
MinimumVisualStudioVersion = 10.0.40219.1
Project("{FAE04EC0-301F-11D3-BF4B-00C04F79EFBC}") = "astRC_RelayClient", "astRC_RelayClient\astRC_RelayClient.csproj", "{9C7D85EA-AE57-43BF-8CBF-ADE73BF23C83}"
EndProject
Project("{FAE04EC0-301F-11D3-BF4B-00C04F79EFBC}") = "astRC_RelayService.Models", "astRC_RelayService.Models\astRC_RelayService.Models.csproj", "{B9566F13-DD8E-4075-A5EF-120B3AAF116A}"
EndProject
Project("{2150E333-8FDC-42A3-9474-1A3956D46DE8}") = "Solution Items", "Solution Items", "{61C38280-AD15-409F-A043-FE36CE5DBB7E}"
	ProjectSection(SolutionItems) = preProject
		.editorconfig = .editorconfig
	EndProjectSection
EndProject
Project("{FAE04EC0-301F-11D3-BF4B-00C04F79EFBC}") = "astRC_RelayClientTests", "astRC_RelayClientTests\astRC_RelayClientTests.csproj", "{0B2D34A9-1DB2-4358-8E5A-E3007C2C2494}"
EndProject
Project("{FAE04EC0-301F-11D3-BF4B-00C04F79EFBC}") = "astRC_RelayService.Core", "astRC_RelayService.Core\astRC_RelayService.Core.csproj", "{D510489A-7771-4183-AAF2-975623C7917E}"
EndProject
Project("{FAE04EC0-301F-11D3-BF4B-00C04F79EFBC}") = "astRC_RelayService.CoreTests", "astRC_RelayService.CoreTests\astRC_RelayService.CoreTests.csproj", "{AEC4E3CD-6854-47AD-BE0A-6CB1ACA8E49D}"
EndProject
Global
	GlobalSection(SolutionConfigurationPlatforms) = preSolution
		Debug|Any CPU = Debug|Any CPU
		Release|Any CPU = Release|Any CPU
	EndGlobalSection
	GlobalSection(ProjectConfigurationPlatforms) = postSolution
		{9C7D85EA-AE57-43BF-8CBF-ADE73BF23C83}.Debug|Any CPU.ActiveCfg = Debug|Any CPU
		{9C7D85EA-AE57-43BF-8CBF-ADE73BF23C83}.Debug|Any CPU.Build.0 = Debug|Any CPU
		{9C7D85EA-AE57-43BF-8CBF-ADE73BF23C83}.Release|Any CPU.ActiveCfg = Release|Any CPU
		{9C7D85EA-AE57-43BF-8CBF-ADE73BF23C83}.Release|Any CPU.Build.0 = Release|Any CPU
		{B9566F13-DD8E-4075-A5EF-120B3AAF116A}.Debug|Any CPU.ActiveCfg = Debug|Any CPU
		{B9566F13-DD8E-4075-A5EF-120B3AAF116A}.Debug|Any CPU.Build.0 = Debug|Any CPU
		{B9566F13-DD8E-4075-A5EF-120B3AAF116A}.Release|Any CPU.ActiveCfg = Release|Any CPU
		{B9566F13-DD8E-4075-A5EF-120B3AAF116A}.Release|Any CPU.Build.0 = Release|Any CPU
		{0B2D34A9-1DB2-4358-8E5A-E3007C2C2494}.Debug|Any CPU.ActiveCfg = Debug|Any CPU
		{0B2D34A9-1DB2-4358-8E5A-E3007C2C2494}.Debug|Any CPU.Build.0 = Debug|Any CPU
		{0B2D34A9-1DB2-4358-8E5A-E3007C2C2494}.Release|Any CPU.ActiveCfg = Release|Any CPU
		{0B2D34A9-1DB2-4358-8E5A-E3007C2C2494}.Release|Any CPU.Build.0 = Release|Any CPU
		{D510489A-7771-4183-AAF2-975623C7917E}.Debug|Any CPU.ActiveCfg = Debug|Any CPU
		{D510489A-7771-4183-AAF2-975623C7917E}.Debug|Any CPU.Build.0 = Debug|Any CPU
		{D510489A-7771-4183-AAF2-975623C7917E}.Release|Any CPU.ActiveCfg = Release|Any CPU
		{D510489A-7771-4183-AAF2-975623C7917E}.Release|Any CPU.Build.0 = Release|Any CPU
		{AEC4E3CD-6854-47AD-BE0A-6CB1ACA8E49D}.Debug|Any CPU.ActiveCfg = Debug|Any CPU
		{AEC4E3CD-6854-47AD-BE0A-6CB1ACA8E49D}.Debug|Any CPU.Build.0 = Debug|Any CPU
		{AEC4E3CD-6854-47AD-BE0A-6CB1ACA8E49D}.Release|Any CPU.ActiveCfg = Release|Any CPU
		{AEC4E3CD-6854-47AD-BE0A-6CB1ACA8E49D}.Release|Any CPU.Build.0 = Release|Any CPU
	EndGlobalSection
	GlobalSection(SolutionProperties) = preSolution
		HideSolutionNode = FALSE
	EndGlobalSection
	GlobalSection(ExtensibilityGlobals) = postSolution
		SolutionGuid = {18B99D28-2D01-4113-A610-75A5CF341BE6}
	EndGlobalSection
EndGlobal
