
Microsoft Visual Studio Solution File, Format Version 12.00
# Visual Studio Version 17
VisualStudioVersion = 17.2.32630.192
MinimumVisualStudioVersion = 10.0.40219.1
Project("{FAE04EC0-301F-11D3-BF4B-00C04F79EFBC}") = "ast_CAutoUpdate", "ast_CAutoUpdate\ast_CAutoUpdate.csproj", "{6EFE6B04-9158-4B7C-998D-2D6CE362BB45}"
EndProject
Project("{FAE04EC0-301F-11D3-BF4B-00C04F79EFBC}") = "ast_CSelfUpdate", "ast_CSelfUpdate\ast_CSelfUpdate.csproj", "{BC1A6A64-794E-427C-9630-3327EF51037A}"
EndProject
Project("{2150E333-8FDC-42A3-9474-1A3956D46DE8}") = "Solution Items", "Solution Items", "{B1320216-EAE9-43F2-9495-BD551C9D3E50}"
	ProjectSection(SolutionItems) = preProject
		.editorconfig = .editorconfig
	EndProjectSection
EndProject
Project("{FAE04EC0-301F-11D3-BF4B-00C04F79EFBC}") = "ast_CSelfUpdateTests", "ast_CSelfUpdateTests\ast_CSelfUpdateTests.csproj", "{085C5E71-4F5D-4A1F-BE1D-846399D2F847}"
EndProject
Global
	GlobalSection(SolutionConfigurationPlatforms) = preSolution
		Debug|Any CPU = Debug|Any CPU
		Release|Any CPU = Release|Any CPU
	EndGlobalSection
	GlobalSection(ProjectConfigurationPlatforms) = postSolution
		{6EFE6B04-9158-4B7C-998D-2D6CE362BB45}.Debug|Any CPU.ActiveCfg = Debug|Any CPU
		{6EFE6B04-9158-4B7C-998D-2D6CE362BB45}.Debug|Any CPU.Build.0 = Debug|Any CPU
		{6EFE6B04-9158-4B7C-998D-2D6CE362BB45}.Release|Any CPU.ActiveCfg = Release|Any CPU
		{6EFE6B04-9158-4B7C-998D-2D6CE362BB45}.Release|Any CPU.Build.0 = Release|Any CPU
		{BC1A6A64-794E-427C-9630-3327EF51037A}.Debug|Any CPU.ActiveCfg = Debug|Any CPU
		{BC1A6A64-794E-427C-9630-3327EF51037A}.Debug|Any CPU.Build.0 = Debug|Any CPU
		{BC1A6A64-794E-427C-9630-3327EF51037A}.Release|Any CPU.ActiveCfg = Release|Any CPU
		{BC1A6A64-794E-427C-9630-3327EF51037A}.Release|Any CPU.Build.0 = Release|Any CPU
		{085C5E71-4F5D-4A1F-BE1D-846399D2F847}.Debug|Any CPU.ActiveCfg = Debug|Any CPU
		{085C5E71-4F5D-4A1F-BE1D-846399D2F847}.Debug|Any CPU.Build.0 = Debug|Any CPU
		{085C5E71-4F5D-4A1F-BE1D-846399D2F847}.Release|Any CPU.ActiveCfg = Release|Any CPU
		{085C5E71-4F5D-4A1F-BE1D-846399D2F847}.Release|Any CPU.Build.0 = Release|Any CPU
	EndGlobalSection
	GlobalSection(SolutionProperties) = preSolution
		HideSolutionNode = FALSE
	EndGlobalSection
	GlobalSection(ExtensibilityGlobals) = postSolution
		SolutionGuid = {3EF73665-A696-44F3-A778-F8F5F646ECE8}
	EndGlobalSection
EndGlobal
